// !$*UTF8*$!
{
	archiveVersion = 1;
	classes = {
	};
	objectVersion = 50;
	objects = {

/* Begin PBXBuildFile section */
		3857C4682589B95400B8BECD /* CircleImage.swift in Sources */ = {isa = PBXBuildFile; fileRef = 3857C4672589B95400B8BECD /* CircleImage.swift */; };
		3857C46D2589BB2800B8BECD /* MapView.swift in Sources */ = {isa = PBXBuildFile; fileRef = 3857C46C2589BB2800B8BECD /* MapView.swift */; };
		3857C4722589CF0E00B8BECD /* landmarkData.json in Resources */ = {isa = PBXBuildFile; fileRef = 3857C4712589CF0E00B8BECD /* landmarkData.json */; };
		3857C4772589CF3D00B8BECD /* Landmark.swift in Sources */ = {isa = PBXBuildFile; fileRef = 3857C4762589CF3D00B8BECD /* Landmark.swift */; };
		3857C47C2589D11000B8BECD /* ModelData.swift in Sources */ = {isa = PBXBuildFile; fileRef = 3857C47B2589D11000B8BECD /* ModelData.swift */; };
		3857C4842589D22500B8BECD /* LandmarkRow.swift in Sources */ = {isa = PBXBuildFile; fileRef = 3857C4832589D22500B8BECD /* LandmarkRow.swift */; };
		3857C4892589D73A00B8BECD /* LandmarkList.swift in Sources */ = {isa = PBXBuildFile; fileRef = 3857C4882589D73A00B8BECD /* LandmarkList.swift */; };
		3857C48E2589D8CE00B8BECD /* LandmarkDetail.swift in Sources */ = {isa = PBXBuildFile; fileRef = 3857C48D2589D8CE00B8BECD /* LandmarkDetail.swift */; };
		38B8E730257AABC100CCD6B4 /* AppDelegate.swift in Sources */ = {isa = PBXBuildFile; fileRef = 38B8E72F257AABC100CCD6B4 /* AppDelegate.swift */; };
		38B8E732257AABC100CCD6B4 /* SceneDelegate.swift in Sources */ = {isa = PBXBuildFile; fileRef = 38B8E731257AABC100CCD6B4 /* SceneDelegate.swift */; };
		38B8E734257AABC100CCD6B4 /* ContentView.swift in Sources */ = {isa = PBXBuildFile; fileRef = 38B8E733257AABC100CCD6B4 /* ContentView.swift */; };
		38B8E736257AABD600CCD6B4 /* Assets.xcassets in Resources */ = {isa = PBXBuildFile; fileRef = 38B8E735257AABD600CCD6B4 /* Assets.xcassets */; };
		38B8E739257AABD600CCD6B4 /* Preview Assets.xcassets in Resources */ = {isa = PBXBuildFile; fileRef = 38B8E738257AABD600CCD6B4 /* Preview Assets.xcassets */; };
		38B8E73C257AABD600CCD6B4 /* LaunchScreen.storyboard in Resources */ = {isa = PBXBuildFile; fileRef = 38B8E73A257AABD600CCD6B4 /* LaunchScreen.storyboard */; };
		38B8E747257AABD700CCD6B4 /* LandmarksTests.swift in Sources */ = {isa = PBXBuildFile; fileRef = 38B8E746257AABD700CCD6B4 /* LandmarksTests.swift */; };
		38B8E752257AABD700CCD6B4 /* LandmarksUITests.swift in Sources */ = {isa = PBXBuildFile; fileRef = 38B8E751257AABD700CCD6B4 /* LandmarksUITests.swift */; };
/* End PBXBuildFile section */

/* Begin PBXContainerItemProxy section */
		38B8E743257AABD600CCD6B4 /* PBXContainerItemProxy */ = {
			isa = PBXContainerItemProxy;
			containerPortal = 38B8E724257AABC000CCD6B4 /* Project object */;
			proxyType = 1;
			remoteGlobalIDString = 38B8E72B257AABC100CCD6B4;
			remoteInfo = Landmarks;
		};
		38B8E74E257AABD700CCD6B4 /* PBXContainerItemProxy */ = {
			isa = PBXContainerItemProxy;
			containerPortal = 38B8E724257AABC000CCD6B4 /* Project object */;
			proxyType = 1;
			remoteGlobalIDString = 38B8E72B257AABC100CCD6B4;
			remoteInfo = Landmarks;
		};
/* End PBXContainerItemProxy section */

/* Begin PBXFileReference section */
		3857C4672589B95400B8BECD /* CircleImage.swift */ = {isa = PBXFileReference; lastKnownFileType = sourcecode.swift; path = CircleImage.swift; sourceTree = "<group>"; };
		3857C46C2589BB2800B8BECD /* MapView.swift */ = {isa = PBXFileReference; lastKnownFileType = sourcecode.swift; path = MapView.swift; sourceTree = "<group>"; };
		3857C4712589CF0E00B8BECD /* landmarkData.json */ = {isa = PBXFileReference; fileEncoding = 4; lastKnownFileType = text.json; path = landmarkData.json; sourceTree = "<group>"; };
		3857C4762589CF3D00B8BECD /* Landmark.swift */ = {isa = PBXFileReference; lastKnownFileType = sourcecode.swift; path = Landmark.swift; sourceTree = "<group>"; };
		3857C47B2589D11000B8BECD /* ModelData.swift */ = {isa = PBXFileReference; lastKnownFileType = sourcecode.swift; path = ModelData.swift; sourceTree = "<group>"; };
		3857C4832589D22500B8BECD /* LandmarkRow.swift */ = {isa = PBXFileReference; lastKnownFileType = sourcecode.swift; path = LandmarkRow.swift; sourceTree = SOURCE_ROOT; };
		3857C4882589D73A00B8BECD /* LandmarkList.swift */ = {isa = PBXFileReference; lastKnownFileType = sourcecode.swift; path = LandmarkList.swift; sourceTree = "<group>"; };
		3857C48D2589D8CE00B8BECD /* LandmarkDetail.swift */ = {isa = PBXFileReference; lastKnownFileType = sourcecode.swift; path = LandmarkDetail.swift; sourceTree = "<group>"; };
		38B8E72C257AABC100CCD6B4 /* Landmarks.app */ = {isa = PBXFileReference; explicitFileType = wrapper.application; includeInIndex = 0; path = Landmarks.app; sourceTree = BUILT_PRODUCTS_DIR; };
		38B8E72F257AABC100CCD6B4 /* AppDelegate.swift */ = {isa = PBXFileReference; lastKnownFileType = sourcecode.swift; path = AppDelegate.swift; sourceTree = "<group>"; };
		38B8E731257AABC100CCD6B4 /* SceneDelegate.swift */ = {isa = PBXFileReference; lastKnownFileType = sourcecode.swift; path = SceneDelegate.swift; sourceTree = "<group>"; };
		38B8E733257AABC100CCD6B4 /* ContentView.swift */ = {isa = PBXFileReference; lastKnownFileType = sourcecode.swift; path = ContentView.swift; sourceTree = "<group>"; };
		38B8E735257AABD600CCD6B4 /* Assets.xcassets */ = {isa = PBXFileReference; lastKnownFileType = folder.assetcatalog; path = Assets.xcassets; sourceTree = "<group>"; };
		38B8E738257AABD600CCD6B4 /* Preview Assets.xcassets */ = {isa = PBXFileReference; lastKnownFileType = folder.assetcatalog; path = "Preview Assets.xcassets"; sourceTree = "<group>"; };
		38B8E73B257AABD600CCD6B4 /* Base */ = {isa = PBXFileReference; lastKnownFileType = file.storyboard; name = Base; path = Base.lproj/LaunchScreen.storyboard; sourceTree = "<group>"; };
		38B8E73D257AABD600CCD6B4 /* Info.plist */ = {isa = PBXFileReference; lastKnownFileType = text.plist.xml; path = Info.plist; sourceTree = "<group>"; };
		38B8E742257AABD600CCD6B4 /* LandmarksTests.xctest */ = {isa = PBXFileReference; explicitFileType = wrapper.cfbundle; includeInIndex = 0; path = LandmarksTests.xctest; sourceTree = BUILT_PRODUCTS_DIR; };
		38B8E746257AABD700CCD6B4 /* LandmarksTests.swift */ = {isa = PBXFileReference; lastKnownFileType = sourcecode.swift; path = LandmarksTests.swift; sourceTree = "<group>"; };
		38B8E748257AABD700CCD6B4 /* Info.plist */ = {isa = PBXFileReference; lastKnownFileType = text.plist.xml; path = Info.plist; sourceTree = "<group>"; };
		38B8E74D257AABD700CCD6B4 /* LandmarksUITests.xctest */ = {isa = PBXFileReference; explicitFileType = wrapper.cfbundle; includeInIndex = 0; path = LandmarksUITests.xctest; sourceTree = BUILT_PRODUCTS_DIR; };
		38B8E751257AABD700CCD6B4 /* LandmarksUITests.swift */ = {isa = PBXFileReference; lastKnownFileType = sourcecode.swift; path = LandmarksUITests.swift; sourceTree = "<group>"; };
		38B8E753257AABD700CCD6B4 /* Info.plist */ = {isa = PBXFileReference; lastKnownFileType = text.plist.xml; path = Info.plist; sourceTree = "<group>"; };
/* End PBXFileReference section */

/* Begin PBXFrameworksBuildPhase section */
		38B8E729257AABC100CCD6B4 /* Frameworks */ = {
			isa = PBXFrameworksBuildPhase;
			buildActionMask = 2147483647;
			files = (
			);
			runOnlyForDeploymentPostprocessing = 0;
		};
		38B8E73F257AABD600CCD6B4 /* Frameworks */ = {
			isa = PBXFrameworksBuildPhase;
			buildActionMask = 2147483647;
			files = (
			);
			runOnlyForDeploymentPostprocessing = 0;
		};
		38B8E74A257AABD700CCD6B4 /* Frameworks */ = {
			isa = PBXFrameworksBuildPhase;
			buildActionMask = 2147483647;
			files = (
			);
			runOnlyForDeploymentPostprocessing = 0;
		};
/* End PBXFrameworksBuildPhase section */

/* Begin PBXGroup section */
		3857C4802589D1A800B8BECD /* Resources */ = {
			isa = PBXGroup;
			children = (
				3857C4712589CF0E00B8BECD /* landmarkData.json */,
			);
			path = Resources;
			sourceTree = "<group>";
		};
		3857C4812589D1B900B8BECD /* Views */ = {
			isa = PBXGroup;
			children = (
				3857C4832589D22500B8BECD /* LandmarkRow.swift */,
				3857C4882589D73A00B8BECD /* LandmarkList.swift */,
				3857C48D2589D8CE00B8BECD /* LandmarkDetail.swift */,
				38B8E733257AABC100CCD6B4 /* ContentView.swift */,
				3857C4672589B95400B8BECD /* CircleImage.swift */,
				3857C46C2589BB2800B8BECD /* MapView.swift */,
			);
			path = Views;
			sourceTree = "<group>";
		};
		3857C4822589D1C600B8BECD /* Models */ = {
			isa = PBXGroup;
			children = (
				3857C4762589CF3D00B8BECD /* Landmark.swift */,
				3857C47B2589D11000B8BECD /* ModelData.swift */,
			);
			path = Models;
			sourceTree = "<group>";
		};
		38B8E723257AABC000CCD6B4 = {
			isa = PBXGroup;
			children = (
				38B8E72E257AABC100CCD6B4 /* Landmarks */,
				38B8E745257AABD700CCD6B4 /* LandmarksTests */,
				38B8E750257AABD700CCD6B4 /* LandmarksUITests */,
				38B8E72D257AABC100CCD6B4 /* Products */,
			);
			sourceTree = "<group>";
		};
		38B8E72D257AABC100CCD6B4 /* Products */ = {
			isa = PBXGroup;
			children = (
				38B8E72C257AABC100CCD6B4 /* Landmarks.app */,
				38B8E742257AABD600CCD6B4 /* LandmarksTests.xctest */,
				38B8E74D257AABD700CCD6B4 /* LandmarksUITests.xctest */,
			);
			name = Products;
			sourceTree = "<group>";
		};
		38B8E72E257AABC100CCD6B4 /* Landmarks */ = {
			isa = PBXGroup;
			children = (
				3857C4822589D1C600B8BECD /* Models */,
				3857C4812589D1B900B8BECD /* Views */,
				3857C4802589D1A800B8BECD /* Resources */,
				38B8E72F257AABC100CCD6B4 /* AppDelegate.swift */,
				38B8E731257AABC100CCD6B4 /* SceneDelegate.swift */,
				38B8E735257AABD600CCD6B4 /* Assets.xcassets */,
				38B8E73A257AABD600CCD6B4 /* LaunchScreen.storyboard */,
				38B8E73D257AABD600CCD6B4 /* Info.plist */,
				38B8E737257AABD600CCD6B4 /* Preview Content */,
			);
			path = Landmarks;
			sourceTree = "<group>";
		};
		38B8E737257AABD600CCD6B4 /* Preview Content */ = {
			isa = PBXGroup;
			children = (
				38B8E738257AABD600CCD6B4 /* Preview Assets.xcassets */,
			);
			path = "Preview Content";
			sourceTree = "<group>";
		};
		38B8E745257AABD700CCD6B4 /* LandmarksTests */ = {
			isa = PBXGroup;
			children = (
				38B8E746257AABD700CCD6B4 /* LandmarksTests.swift */,
				38B8E748257AABD700CCD6B4 /* Info.plist */,
			);
			path = LandmarksTests;
			sourceTree = "<group>";
		};
		38B8E750257AABD700CCD6B4 /* LandmarksUITests */ = {
			isa = PBXGroup;
			children = (
				38B8E751257AABD700CCD6B4 /* LandmarksUITests.swift */,
				38B8E753257AABD700CCD6B4 /* Info.plist */,
			);
			path = LandmarksUITests;
			sourceTree = "<group>";
		};
/* End PBXGroup section */

/* Begin PBXNativeTarget section */
		38B8E72B257AABC100CCD6B4 /* Landmarks */ = {
			isa = PBXNativeTarget;
			buildConfigurationList = 38B8E756257AABD700CCD6B4 /* Build configuration list for PBXNativeTarget "Landmarks" */;
			buildPhases = (
				38B8E728257AABC100CCD6B4 /* Sources */,
				38B8E729257AABC100CCD6B4 /* Frameworks */,
				38B8E72A257AABC100CCD6B4 /* Resources */,
			);
			buildRules = (
			);
			dependencies = (
			);
			name = Landmarks;
			productName = Landmarks;
			productReference = 38B8E72C257AABC100CCD6B4 /* Landmarks.app */;
			productType = "com.apple.product-type.application";
		};
		38B8E741257AABD600CCD6B4 /* LandmarksTests */ = {
			isa = PBXNativeTarget;
			buildConfigurationList = 38B8E759257AABD700CCD6B4 /* Build configuration list for PBXNativeTarget "LandmarksTests" */;
			buildPhases = (
				38B8E73E257AABD600CCD6B4 /* Sources */,
				38B8E73F257AABD600CCD6B4 /* Frameworks */,
				38B8E740257AABD600CCD6B4 /* Resources */,
			);
			buildRules = (
			);
			dependencies = (
				38B8E744257AABD600CCD6B4 /* PBXTargetDependency */,
			);
			name = LandmarksTests;
			productName = LandmarksTests;
			productReference = 38B8E742257AABD600CCD6B4 /* LandmarksTests.xctest */;
			productType = "com.apple.product-type.bundle.unit-test";
		};
		38B8E74C257AABD700CCD6B4 /* LandmarksUITests */ = {
			isa = PBXNativeTarget;
			buildConfigurationList = 38B8E75C257AABD700CCD6B4 /* Build configuration list for PBXNativeTarget "LandmarksUITests" */;
			buildPhases = (
				38B8E749257AABD700CCD6B4 /* Sources */,
				38B8E74A257AABD700CCD6B4 /* Frameworks */,
				38B8E74B257AABD700CCD6B4 /* Resources */,
			);
			buildRules = (
			);
			dependencies = (
				38B8E74F257AABD700CCD6B4 /* PBXTargetDependency */,
			);
			name = LandmarksUITests;
			productName = LandmarksUITests;
			productReference = 38B8E74D257AABD700CCD6B4 /* LandmarksUITests.xctest */;
			productType = "com.apple.product-type.bundle.ui-testing";
		};
/* End PBXNativeTarget section */

/* Begin PBXProject section */
		38B8E724257AABC000CCD6B4 /* Project object */ = {
			isa = PBXProject;
			attributes = {
				LastSwiftUpdateCheck = 1220;
				LastUpgradeCheck = 1220;
				TargetAttributes = {
					38B8E72B257AABC100CCD6B4 = {
						CreatedOnToolsVersion = 12.2;
					};
					38B8E741257AABD600CCD6B4 = {
						CreatedOnToolsVersion = 12.2;
						TestTargetID = 38B8E72B257AABC100CCD6B4;
					};
					38B8E74C257AABD700CCD6B4 = {
						CreatedOnToolsVersion = 12.2;
						TestTargetID = 38B8E72B257AABC100CCD6B4;
					};
				};
			};
			buildConfigurationList = 38B8E727257AABC000CCD6B4 /* Build configuration list for PBXProject "Landmarks" */;
			compatibilityVersion = "Xcode 9.3";
			developmentRegion = en;
			hasScannedForEncodings = 0;
			knownRegions = (
				en,
				Base,
			);
			mainGroup = 38B8E723257AABC000CCD6B4;
			productRefGroup = 38B8E72D257AABC100CCD6B4 /* Products */;
			projectDirPath = "";
			projectRoot = "";
			targets = (
				38B8E72B257AABC100CCD6B4 /* Landmarks */,
				38B8E741257AABD600CCD6B4 /* LandmarksTests */,
				38B8E74C257AABD700CCD6B4 /* LandmarksUITests */,
			);
		};
/* End PBXProject section */

/* Begin PBXResourcesBuildPhase section */
		38B8E72A257AABC100CCD6B4 /* Resources */ = {
			isa = PBXResourcesBuildPhase;
			buildActionMask = 2147483647;
			files = (
				38B8E73C257AABD600CCD6B4 /* LaunchScreen.storyboard in Resources */,
				3857C4722589CF0E00B8BECD /* landmarkData.json in Resources */,
				38B8E739257AABD600CCD6B4 /* Preview Assets.xcassets in Resources */,
				38B8E736257AABD600CCD6B4 /* Assets.xcassets in Resources */,
			);
			runOnlyForDeploymentPostprocessing = 0;
		};
		38B8E740257AABD600CCD6B4 /* Resources */ = {
			isa = PBXResourcesBuildPhase;
			buildActionMask = 2147483647;
			files = (
			);
			runOnlyForDeploymentPostprocessing = 0;
		};
		38B8E74B257AABD700CCD6B4 /* Resources */ = {
			isa = PBXResourcesBuildPhase;
			buildActionMask = 2147483647;
			files = (
			);
			runOnlyForDeploymentPostprocessing = 0;
		};
/* End PBXResourcesBuildPhase section */

/* Begin PBXSourcesBuildPhase section */
		38B8E728257AABC100CCD6B4 /* Sources */ = {
			isa = PBXSourcesBuildPhase;
			buildActionMask = 2147483647;
			files = (
				38B8E730257AABC100CCD6B4 /* AppDelegate.swift in Sources */,
				3857C4682589B95400B8BECD /* CircleImage.swift in Sources */,
				3857C46D2589BB2800B8BECD /* MapView.swift in Sources */,
				38B8E732257AABC100CCD6B4 /* SceneDelegate.swift in Sources */,
				3857C4892589D73A00B8BECD /* LandmarkList.swift in Sources */,
				38B8E734257AABC100CCD6B4 /* ContentView.swift in Sources */,
				3857C4772589CF3D00B8BECD /* Landmark.swift in Sources */,
				3857C4842589D22500B8BECD /* LandmarkRow.swift in Sources */,
				3857C48E2589D8CE00B8BECD /* LandmarkDetail.swift in Sources */,
				3857C47C2589D11000B8BECD /* ModelData.swift in Sources */,
			);
			runOnlyForDeploymentPostprocessing = 0;
		};
		38B8E73E257AABD600CCD6B4 /* Sources */ = {
			isa = PBXSourcesBuildPhase;
			buildActionMask = 2147483647;
			files = (
				38B8E747257AABD700CCD6B4 /* LandmarksTests.swift in Sources */,
			);
			runOnlyForDeploymentPostprocessing = 0;
		};
		38B8E749257AABD700CCD6B4 /* Sources */ = {
			isa = PBXSourcesBuildPhase;
			buildActionMask = 2147483647;
			files = (
				38B8E752257AABD700CCD6B4 /* LandmarksUITests.swift in Sources */,
			);
			runOnlyForDeploymentPostprocessing = 0;
		};
/* End PBXSourcesBuildPhase section */

/* Begin PBXTargetDependency section */
		38B8E744257AABD600CCD6B4 /* PBXTargetDependency */ = {
			isa = PBXTargetDependency;
			target = 38B8E72B257AABC100CCD6B4 /* Landmarks */;
			targetProxy = 38B8E743257AABD600CCD6B4 /* PBXContainerItemProxy */;
		};
		38B8E74F257AABD700CCD6B4 /* PBXTargetDependency */ = {
			isa = PBXTargetDependency;
			target = 38B8E72B257AABC100CCD6B4 /* Landmarks */;
			targetProxy = 38B8E74E257AABD700CCD6B4 /* PBXContainerItemProxy */;
		};
/* End PBXTargetDependency section */

/* Begin PBXVariantGroup section */
		38B8E73A257AABD600CCD6B4 /* LaunchScreen.storyboard */ = {
			isa = PBXVariantGroup;
			children = (
				38B8E73B257AABD600CCD6B4 /* Base */,
			);
			name = LaunchScreen.storyboard;
			sourceTree = "<group>";
		};
/* End PBXVariantGroup section */

/* Begin XCBuildConfiguration section */
		38B8E754257AABD700CCD6B4 /* Debug */ = {
			isa = XCBuildConfiguration;
			buildSettings = {
				ALWAYS_SEARCH_USER_PATHS = NO;
				CLANG_ANALYZER_NONNULL = YES;
				CLANG_ANALYZER_NUMBER_OBJECT_CONVERSION = YES_AGGRESSIVE;
				CLANG_CXX_LANGUAGE_STANDARD = "gnu++14";
				CLANG_CXX_LIBRARY = "libc++";
				CLANG_ENABLE_MODULES = YES;
				CLANG_ENABLE_OBJC_ARC = YES;
				CLANG_ENABLE_OBJC_WEAK = YES;
				CLANG_WARN_BLOCK_CAPTURE_AUTORELEASING = YES;
				CLANG_WARN_BOOL_CONVERSION = YES;
				CLANG_WARN_COMMA = YES;
				CLANG_WARN_CONSTANT_CONVERSION = YES;
				CLANG_WARN_DEPRECATED_OBJC_IMPLEMENTATIONS = YES;
				CLANG_WARN_DIRECT_OBJC_ISA_USAGE = YES_ERROR;
				CLANG_WARN_DOCUMENTATION_COMMENTS = YES;
				CLANG_WARN_EMPTY_BODY = YES;
				CLANG_WARN_ENUM_CONVERSION = YES;
				CLANG_WARN_INFINITE_RECURSION = YES;
				CLANG_WARN_INT_CONVERSION = YES;
				CLANG_WARN_NON_LITERAL_NULL_CONVERSION = YES;
				CLANG_WARN_OBJC_IMPLICIT_RETAIN_SELF = YES;
				CLANG_WARN_OBJC_LITERAL_CONVERSION = YES;
				CLANG_WARN_OBJC_ROOT_CLASS = YES_ERROR;
				CLANG_WARN_QUOTED_INCLUDE_IN_FRAMEWORK_HEADER = YES;
				CLANG_WARN_RANGE_LOOP_ANALYSIS = YES;
				CLANG_WARN_STRICT_PROTOTYPES = YES;
				CLANG_WARN_SUSPICIOUS_MOVE = YES;
				CLANG_WARN_UNGUARDED_AVAILABILITY = YES_AGGRESSIVE;
				CLANG_WARN_UNREACHABLE_CODE = YES;
				CLANG_WARN__DUPLICATE_METHOD_MATCH = YES;
				COPY_PHASE_STRIP = NO;
				DEBUG_INFORMATION_FORMAT = dwarf;
				ENABLE_STRICT_OBJC_MSGSEND = YES;
				ENABLE_TESTABILITY = YES;
				GCC_C_LANGUAGE_STANDARD = gnu11;
				GCC_DYNAMIC_NO_PIC = NO;
				GCC_NO_COMMON_BLOCKS = YES;
				GCC_OPTIMIZATION_LEVEL = 0;
				GCC_PREPROCESSOR_DEFINITIONS = (
					"DEBUG=1",
					"$(inherited)",
				);
				GCC_WARN_64_TO_32_BIT_CONVERSION = YES;
				GCC_WARN_ABOUT_RETURN_TYPE = YES_ERROR;
				GCC_WARN_UNDECLARED_SELECTOR = YES;
				GCC_WARN_UNINITIALIZED_AUTOS = YES_AGGRESSIVE;
				GCC_WARN_UNUSED_FUNCTION = YES;
				GCC_WARN_UNUSED_VARIABLE = YES;
				IPHONEOS_DEPLOYMENT_TARGET = 14.2;
				MTL_ENABLE_DEBUG_INFO = INCLUDE_SOURCE;
				MTL_FAST_MATH = YES;
				ONLY_ACTIVE_ARCH = YES;
				SDKROOT = iphoneos;
				SWIFT_ACTIVE_COMPILATION_CONDITIONS = DEBUG;
				SWIFT_OPTIMIZATION_LEVEL = "-Onone";
			};
			name = Debug;
		};
		38B8E755257AABD700CCD6B4 /* Release */ = {
			isa = XCBuildConfiguration;
			buildSettings = {
				ALWAYS_SEARCH_USER_PATHS = NO;
				CLANG_ANALYZER_NONNULL = YES;
				CLANG_ANALYZER_NUMBER_OBJECT_CONVERSION = YES_AGGRESSIVE;
				CLANG_CXX_LANGUAGE_STANDARD = "gnu++14";
				CLANG_CXX_LIBRARY = "libc++";
				CLANG_ENABLE_MODULES = YES;
				CLANG_ENABLE_OBJC_ARC = YES;
				CLANG_ENABLE_OBJC_WEAK = YES;
				CLANG_WARN_BLOCK_CAPTURE_AUTORELEASING = YES;
				CLANG_WARN_BOOL_CONVERSION = YES;
				CLANG_WARN_COMMA = YES;
				CLANG_WARN_CONSTANT_CONVERSION = YES;
				CLANG_WARN_DEPRECATED_OBJC_IMPLEMENTATIONS = YES;
				CLANG_WARN_DIRECT_OBJC_ISA_USAGE = YES_ERROR;
				CLANG_WARN_DOCUMENTATION_COMMENTS = YES;
				CLANG_WARN_EMPTY_BODY = YES;
				CLANG_WARN_ENUM_CONVERSION = YES;
				CLANG_WARN_INFINITE_RECURSION = YES;
				CLANG_WARN_INT_CONVERSION = YES;
				CLANG_WARN_NON_LITERAL_NULL_CONVERSION = YES;
				CLANG_WARN_OBJC_IMPLICIT_RETAIN_SELF = YES;
				CLANG_WARN_OBJC_LITERAL_CONVERSION = YES;
				CLANG_WARN_OBJC_ROOT_CLASS = YES_ERROR;
				CLANG_WARN_QUOTED_INCLUDE_IN_FRAMEWORK_HEADER = YES;
				CLANG_WARN_RANGE_LOOP_ANALYSIS = YES;
				CLANG_WARN_STRICT_PROTOTYPES = YES;
				CLANG_WARN_SUSPICIOUS_MOVE = YES;
				CLANG_WARN_UNGUARDED_AVAILABILITY = YES_AGGRESSIVE;
				CLANG_WARN_UNREACHABLE_CODE = YES;
				CLANG_WARN__DUPLICATE_METHOD_MATCH = YES;
				COPY_PHASE_STRIP = NO;
				DEBUG_INFORMATION_FORMAT = "dwarf-with-dsym";
				ENABLE_NS_ASSERTIONS = NO;
				ENABLE_STRICT_OBJC_MSGSEND = YES;
				GCC_C_LANGUAGE_STANDARD = gnu11;
				GCC_NO_COMMON_BLOCKS = YES;
				GCC_WARN_64_TO_32_BIT_CONVERSION = YES;
				GCC_WARN_ABOUT_RETURN_TYPE = YES_ERROR;
				GCC_WARN_UNDECLARED_SELECTOR = YES;
				GCC_WARN_UNINITIALIZED_AUTOS = YES_AGGRESSIVE;
				GCC_WARN_UNUSED_FUNCTION = YES;
				GCC_WARN_UNUSED_VARIABLE = YES;
				IPHONEOS_DEPLOYMENT_TARGET = 14.2;
				MTL_ENABLE_DEBUG_INFO = NO;
				MTL_FAST_MATH = YES;
				SDKROOT = iphoneos;
				SWIFT_COMPILATION_MODE = wholemodule;
				SWIFT_OPTIMIZATION_LEVEL = "-O";
				VALIDATE_PRODUCT = YES;
			};
			name = Release;
		};
		38B8E757257AABD700CCD6B4 /* Debug */ = {
			isa = XCBuildConfiguration;
			buildSettings = {
				ASSETCATALOG_COMPILER_APPICON_NAME = AppIcon;
				ASSETCATALOG_COMPILER_GLOBAL_ACCENT_COLOR_NAME = AccentColor;
				CODE_SIGN_STYLE = Automatic;
				DEVELOPMENT_ASSET_PATHS = "\"Landmarks/Preview Content\"";
				DEVELOPMENT_TEAM = 2S67MN86VU;
				ENABLE_PREVIEWS = YES;
				INFOPLIST_FILE = Landmarks/Info.plist;
				LD_RUNPATH_SEARCH_PATHS = (
					"$(inherited)",
					"@executable_path/Frameworks",
				);
				PRODUCT_BUNDLE_IDENTIFIER = com.akash.Landmarks;
				PRODUCT_NAME = "$(TARGET_NAME)";
				SWIFT_VERSION = 5.0;
				TARGETED_DEVICE_FAMILY = "1,2";
			};
			name = Debug;
		};
		38B8E758257AABD700CCD6B4 /* Release */ = {
			isa = XCBuildConfiguration;
			buildSettings = {
				ASSETCATALOG_COMPILER_APPICON_NAME = AppIcon;
				ASSETCATALOG_COMPILER_GLOBAL_ACCENT_COLOR_NAME = AccentColor;
				CODE_SIGN_STYLE = Automatic;
				DEVELOPMENT_ASSET_PATHS = "\"Landmarks/Preview Content\"";
				DEVELOPMENT_TEAM = 2S67MN86VU;
				ENABLE_PREVIEWS = YES;
				INFOPLIST_FILE = Landmarks/Info.plist;
				LD_RUNPATH_SEARCH_PATHS = (
					"$(inherited)",
					"@executable_path/Frameworks",
				);
				PRODUCT_BUNDLE_IDENTIFIER = com.akash.Landmarks;
				PRODUCT_NAME = "$(TARGET_NAME)";
				SWIFT_VERSION = 5.0;
				TARGETED_DEVICE_FAMILY = "1,2";
			};
			name = Release;
		};
		38B8E75A257AABD700CCD6B4 /* Debug */ = {
			isa = XCBuildConfiguration;
			buildSettings = {
				ALWAYS_EMBED_SWIFT_STANDARD_LIBRARIES = YES;
				BUNDLE_LOADER = "$(TEST_HOST)";
				CODE_SIGN_STYLE = Automatic;
				DEVELOPMENT_TEAM = 2S67MN86VU;
				INFOPLIST_FILE = LandmarksTests/Info.plist;
				IPHONEOS_DEPLOYMENT_TARGET = 14.2;
				LD_RUNPATH_SEARCH_PATHS = (
					"$(inherited)",
					"@executable_path/Frameworks",
					"@loader_path/Frameworks",
				);
				PRODUCT_BUNDLE_IDENTIFIER = com.akash.LandmarksTests;
				PRODUCT_NAME = "$(TARGET_NAME)";
				SWIFT_VERSION = 5.0;
				TARGETED_DEVICE_FAMILY = "1,2";
				TEST_HOST = "$(BUILT_PRODUCTS_DIR)/Landmarks.app/Landmarks";
			};
			name = Debug;
		};
		38B8E75B257AABD700CCD6B4 /* Release */ = {
			isa = XCBuildConfiguration;
			buildSettings = {
				ALWAYS_EMBED_SWIFT_STANDARD_LIBRARIES = YES;
				BUNDLE_LOADER = "$(TEST_HOST)";
				CODE_SIGN_STYLE = Automatic;
				DEVELOPMENT_TEAM = 2S67MN86VU;
				INFOPLIST_FILE = LandmarksTests/Info.plist;
				IPHONEOS_DEPLOYMENT_TARGET = 14.2;
				LD_RUNPATH_SEARCH_PATHS = (
					"$(inherited)",
					"@executable_path/Frameworks",
					"@loader_path/Frameworks",
				);
				PRODUCT_BUNDLE_IDENTIFIER = com.akash.LandmarksTests;
				PRODUCT_NAME = "$(TARGET_NAME)";
				SWIFT_VERSION = 5.0;
				TARGETED_DEVICE_FAMILY = "1,2";
				TEST_HOST = "$(BUILT_PRODUCTS_DIR)/Landmarks.app/Landmarks";
			};
			name = Release;
		};
		38B8E75D257AABD700CCD6B4 /* Debug */ = {
			isa = XCBuildConfiguration;
			buildSettings = {
				ALWAYS_EMBED_SWIFT_STANDARD_LIBRARIES = YES;
				CODE_SIGN_STYLE = Automatic;
				DEVELOPMENT_TEAM = 2S67MN86VU;
				INFOPLIST_FILE = LandmarksUITests/Info.plist;
				LD_RUNPATH_SEARCH_PATHS = (
					"$(inherited)",
					"@executable_path/Frameworks",
					"@loader_path/Frameworks",
				);
				PRODUCT_BUNDLE_IDENTIFIER = com.akash.LandmarksUITests;
				PRODUCT_NAME = "$(TARGET_NAME)";
				SWIFT_VERSION = 5.0;
				TARGETED_DEVICE_FAMILY = "1,2";
				TEST_TARGET_NAME = Landmarks;
			};
			name = Debug;
		};
		38B8E75E257AABD700CCD6B4 /* Release */ = {
			isa = XCBuildConfiguration;
			buildSettings = {
				ALWAYS_EMBED_SWIFT_STANDARD_LIBRARIES = YES;
				CODE_SIGN_STYLE = Automatic;
				DEVELOPMENT_TEAM = 2S67MN86VU;
				INFOPLIST_FILE = LandmarksUITests/Info.plist;
				LD_RUNPATH_SEARCH_PATHS = (
					"$(inherited)",
					"@executable_path/Frameworks",
					"@loader_path/Frameworks",
				);
				PRODUCT_BUNDLE_IDENTIFIER = com.akash.LandmarksUITests;
				PRODUCT_NAME = "$(TARGET_NAME)";
				SWIFT_VERSION = 5.0;
				TARGETED_DEVICE_FAMILY = "1,2";
				TEST_TARGET_NAME = Landmarks;
			};
			name = Release;
		};
/* End XCBuildConfiguration section */

/* Begin XCConfigurationList section */
		38B8E727257AABC000CCD6B4 /* Build configuration list for PBXProject "Landmarks" */ = {
			isa = XCConfigurationList;
			buildConfigurations = (
				38B8E754257AABD700CCD6B4 /* Debug */,
				38B8E755257AABD700CCD6B4 /* Release */,
			);
			defaultConfigurationIsVisible = 0;
			defaultConfigurationName = Release;
		};
		38B8E756257AABD700CCD6B4 /* Build configuration list for PBXNativeTarget "Landmarks" */ = {
			isa = XCConfigurationList;
			buildConfigurations = (
				38B8E757257AABD700CCD6B4 /* Debug */,
				38B8E758257AABD700CCD6B4 /* Release */,
			);
			defaultConfigurationIsVisible = 0;
			defaultConfigurationName = Release;
		};
		38B8E759257AABD700CCD6B4 /* Build configuration list for PBXNativeTarget "LandmarksTests" */ = {
			isa = XCConfigurationList;
			buildConfigurations = (
				38B8E75A257AABD700CCD6B4 /* Debug */,
				38B8E75B257AABD700CCD6B4 /* Release */,
			);
			defaultConfigurationIsVisible = 0;
			defaultConfigurationName = Release;
		};
		38B8E75C257AABD700CCD6B4 /* Build configuration list for PBXNativeTarget "LandmarksUITests" */ = {
			isa = XCConfigurationList;
			buildConfigurations = (
				38B8E75D257AABD700CCD6B4 /* Debug */,
				38B8E75E257AABD700CCD6B4 /* Release */,
			);
			defaultConfigurationIsVisible = 0;
			defaultConfigurationName = Release;
		};
/* End XCConfigurationList section */
	};
	rootObject = 38B8E724257AABC000CCD6B4 /* Project object */;
}
